<?xml version="1.0" encoding="utf-8"?>
<Project ToolsVersion="4.0" xmlns="http://schemas.microsoft.com/developer/msbuild/2003">
  <ItemGroup>
    <Filter Include="Src">
      <UniqueIdentifier>{2eb3c39c-f690-4097-9e43-80cc1d3bd9aa}</UniqueIdentifier>
    </Filter>
    <Filter Include="Inc">
      <UniqueIdentifier>{4158abcb-254e-4db2-82fd-02fe15186a97}</UniqueIdentifier>
    </Filter>
  </ItemGroup>
  <ItemGroup>
    <ClCompile Include="..\Src\main.c">
      <Filter>Src</Filter>
    </ClCompile>
    <ClCompile Include="..\Src\SM2.c">
      <Filter>Src</Filter>
    </ClCompile>
    <ClCompile Include="..\Src\SM3.c">
      <Filter>Src</Filter>
    </ClCompile>
    <ClCompile Include="..\Src\SM4.c">
      <Filter>Src</Filter>
    </ClCompile>
  </ItemGroup>
  <ItemGroup>
    <ClInclude Include="..\Inc\SM2.h">
      <Filter>Inc</Filter>
    </ClInclude>
    <ClInclude Include="..\Inc\SM3.h">
      <Filter>Inc</Filter>
    </ClInclude>
    <ClInclude Include="..\Inc\SM4.h">
      <Filter>Inc</Filter>
    </ClInclude>
  </ItemGroup>
</Project>